
Microsoft Visual Studio Solution File, Format Version 12.00
# Visual Studio Version 16
VisualStudioVersion = 16.0.32413.511
MinimumVisualStudioVersion = 10.0.40219.1
Project("{FAE04EC0-301F-11D3-BF4B-00C04F79EFBC}") = "Crypto Wallet Address Validator", "Crypto Wallet Address Validator\Crypto Wallet Address Validator.csproj", "{0ADD5533-AA23-4CAA-8C37-55E911DFB95A}"
EndProject
Global
	GlobalSection(SolutionConfigurationPlatforms) = preSolution
		Debug|Any CPU = Debug|Any CPU
		Release|Any CPU = Release|Any CPU
	EndGlobalSection
	GlobalSection(ProjectConfigurationPlatforms) = postSolution
		{0ADD5533-AA23-4CAA-8C37-55E911DFB95A}.Debug|Any CPU.ActiveCfg = Debug|Any CPU
		{0ADD5533-AA23-4CAA-8C37-55E911DFB95A}.Debug|Any CPU.Build.0 = Debug|Any CPU
		{0ADD5533-AA23-4CAA-8C37-55E911DFB95A}.Release|Any CPU.ActiveCfg = Release|Any CPU
		{0ADD5533-AA23-4CAA-8C37-55E911DFB95A}.Release|Any CPU.Build.0 = Release|Any CPU
	EndGlobalSection
	GlobalSection(SolutionProperties) = preSolution
		HideSolutionNode = FALSE
	EndGlobalSection
	GlobalSection(ExtensibilityGlobals) = postSolution
		SolutionGuid = {36D9943F-F4F8-452E-B37D-8ECFE2485356}
	EndGlobalSection
EndGlobal
